{"1.1.0",
[{<<"aecuckoo">>,
  {git,"https://github.com/aeternity/aecuckoo.git",
      {ref,"a1bff574dd0a965d3f9f2e23f980bbead8b4638d"}},
  0},
 {<<"aecuckooprebuilt">>,
  {aecuckooprebuilt_app_with_priv_from_git,
      {git,"https://github.com/aeternity/cuckoo-prebuilt.git",
          {ref,"90afb699dc9cc41d033a7c8551179d32b3bd569d"}}},
  0},
 {<<"enacl">>,
  {git,"https://github.com/aeternity/enacl.git",
      {ref,"26180f42c0b3a450905d2efd8bc7fd5fd9cece75"}},
  0},
 {<<"goldrush">>,{pkg,<<"goldrush">>,<<"0.1.9">>},1},
 {<<"lager">>,
  {git,"https://github.com/erlang-lager/lager.git",
      {ref,"69b4ada2341b8ab2cf5c8e464ac936e5e4a9f62b"}},
  0}]}.
[
{pkg_hash,[
 {<<"goldrush">>, <<"F06E5D5F1277DA5C413E84D5A2924174182FB108DABB39D5EC548B27424CD106">>}]}
].
